// !$*UTF8*$!
{
	archiveVersion = 1;
	classes = {
	};
	objectVersion = 77;
	objects = {

/* Begin PBXContainerItemProxy section */
		75A2492C2CEE28B3000371A0 /* PBXContainerItemProxy */ = {
			isa = PBXContainerItemProxy;
			containerPortal = 75A2490A2CEE28AB000371A0 /* Project object */;
			proxyType = 1;
			remoteGlobalIDString = 75A249112CEE28AB000371A0;
			remoteInfo = FindItGame;
		};
		75A249362CEE28B3000371A0 /* PBXContainerItemProxy */ = {
			isa = PBXContainerItemProxy;
			containerPortal = 75A2490A2CEE28AB000371A0 /* Project object */;
			proxyType = 1;
			remoteGlobalIDString = 75A249112CEE28AB000371A0;
			remoteInfo = FindItGame;
		};
/* End PBXContainerItemProxy section */

/* Begin PBXFileReference section */
		75A249122CEE28AB000371A0 /* FindItGame.app */ = {isa = PBXFileReference; explicitFileType = wrapper.application; includeInIndex = 0; path = FindItGame.app; sourceTree = BUILT_PRODUCTS_DIR; };
		75A2492B2CEE28B3000371A0 /* FindItGameTests.xctest */ = {isa = PBXFileReference; explicitFileType = wrapper.cfbundle; includeInIndex = 0; path = FindItGameTests.xctest; sourceTree = BUILT_PRODUCTS_DIR; };
		75A249352CEE28B3000371A0 /* FindItGameUITests.xctest */ = {isa = PBXFileReference; explicitFileType = wrapper.cfbundle; includeInIndex = 0; path = FindItGameUITests.xctest; sourceTree = BUILT_PRODUCTS_DIR; };
/* End PBXFileReference section */

/* Begin PBXFileSystemSynchronizedBuildFileExceptionSet section */
		75A2493D2CEE28B3000371A0 /* Exceptions for "FindItGame" folder in "FindItGame" target */ = {
			isa = PBXFileSystemSynchronizedBuildFileExceptionSet;
			membershipExceptions = (
				Info.plist,
			);
			target = 75A249112CEE28AB000371A0 /* FindItGame */;
		};
/* End PBXFileSystemSynchronizedBuildFileExceptionSet section */

/* Begin PBXFileSystemSynchronizedRootGroup section */
		75A249142CEE28AB000371A0 /* FindItGame */ = {
			isa = PBXFileSystemSynchronizedRootGroup;
			exceptions = (
				75A2493D2CEE28B3000371A0 /* Exceptions for "FindItGame" folder in "FindItGame" target */,
			);
			path = FindItGame;
			sourceTree = "<group>";
		};
		75A2492E2CEE28B3000371A0 /* FindItGameTests */ = {
			isa = PBXFileSystemSynchronizedRootGroup;
			path = FindItGameTests;
			sourceTree = "<group>";
		};
		75A249382CEE28B3000371A0 /* FindItGameUITests */ = {
			isa = PBXFileSystemSynchronizedRootGroup;
			path = FindItGameUITests;
			sourceTree = "<group>";
		};
/* End PBXFileSystemSynchronizedRootGroup section */

/* Begin PBXFrameworksBuildPhase section */
		75A2490F2CEE28AB000371A0 /* Frameworks */ = {
			isa = PBXFrameworksBuildPhase;
			buildActionMask = 2147483647;
			files = (
			);
			runOnlyForDeploymentPostprocessing = 0;
		};
		75A249282CEE28B3000371A0 /* Frameworks */ = {
			isa = PBXFrameworksBuildPhase;
			buildActionMask = 2147483647;
			files = (
			);
			runOnlyForDeploymentPostprocessing = 0;
		};
		75A249322CEE28B3000371A0 /* Frameworks */ = {
			isa = PBXFrameworksBuildPhase;
			buildActionMask = 2147483647;
			files = (
			);
			runOnlyForDeploymentPostprocessing = 0;
		};
/* End PBXFrameworksBuildPhase section */

/* Begin PBXGroup section */
		75A249092CEE28AB000371A0 = {
			isa = PBXGroup;
			children = (
				75A249142CEE28AB000371A0 /* FindItGame */,
				75A2492E2CEE28B3000371A0 /* FindItGameTests */,
				75A249382CEE28B3000371A0 /* FindItGameUITests */,
				75A249132CEE28AB000371A0 /* Products */,
			);
			sourceTree = "<group>";
		};
		75A249132CEE28AB000371A0 /* Products */ = {
			isa = PBXGroup;
			children = (
				75A249122CEE28AB000371A0 /* FindItGame.app */,
				75A2492B2CEE28B3000371A0 /* FindItGameTests.xctest */,
				75A249352CEE28B3000371A0 /* FindItGameUITests.xctest */,
			);
			name = Products;
			sourceTree = "<group>";
		};
/* End PBXGroup section */

/* Begin PBXNativeTarget section */
		75A249112CEE28AB000371A0 /* FindItGame */ = {
			isa = PBXNativeTarget;
			buildConfigurationList = 75A2493E2CEE28B3000371A0 /* Build configuration list for PBXNativeTarget "FindItGame" */;
			buildPhases = (
				75A2490E2CEE28AB000371A0 /* Sources */,
				75A2490F2CEE28AB000371A0 /* Frameworks */,
				75A249102CEE28AB000371A0 /* Resources */,
			);
			buildRules = (
			);
			dependencies = (
			);
			fileSystemSynchronizedGroups = (
				75A249142CEE28AB000371A0 /* FindItGame */,
			);
			name = FindItGame;
			packageProductDependencies = (
			);
			productName = FindItGame;
			productReference = 75A249122CEE28AB000371A0 /* FindItGame.app */;
			productType = "com.apple.product-type.application";
		};
		75A2492A2CEE28B3000371A0 /* FindItGameTests */ = {
			isa = PBXNativeTarget;
			buildConfigurationList = 75A249432CEE28B3000371A0 /* Build configuration list for PBXNativeTarget "FindItGameTests" */;
			buildPhases = (
				75A249272CEE28B3000371A0 /* Sources */,
				75A249282CEE28B3000371A0 /* Frameworks */,
				75A249292CEE28B3000371A0 /* Resources */,
			);
			buildRules = (
			);
			dependencies = (
				75A2492D2CEE28B3000371A0 /* PBXTargetDependency */,
			);
			fileSystemSynchronizedGroups = (
				75A2492E2CEE28B3000371A0 /* FindItGameTests */,
			);
			name = FindItGameTests;
			packageProductDependencies = (
			);
			productName = FindItGameTests;
			productReference = 75A2492B2CEE28B3000371A0 /* FindItGameTests.xctest */;
			productType = "com.apple.product-type.bundle.unit-test";
		};
		75A249342CEE28B3000371A0 /* FindItGameUITests */ = {
			isa = PBXNativeTarget;
			buildConfigurationList = 75A249462CEE28B3000371A0 /* Build configuration list for PBXNativeTarget "FindItGameUITests" */;
			buildPhases = (
				75A249312CEE28B3000371A0 /* Sources */,
				75A249322CEE28B3000371A0 /* Frameworks */,
				75A249332CEE28B3000371A0 /* Resources */,
			);
			buildRules = (
			);
			dependencies = (
				75A249372CEE28B3000371A0 /* PBXTargetDependency */,
			);
			fileSystemSynchronizedGroups = (
				75A249382CEE28B3000371A0 /* FindItGameUITests */,
			);
			name = FindItGameUITests;
			packageProductDependencies = (
			);
			productName = FindItGameUITests;
			productReference = 75A249352CEE28B3000371A0 /* FindItGameUITests.xctest */;
			productType = "com.apple.product-type.bundle.ui-testing";
		};
/* End PBXNativeTarget section */

/* Begin PBXProject section */
		75A2490A2CEE28AB000371A0 /* Project object */ = {
			isa = PBXProject;
			attributes = {
				BuildIndependentTargetsInParallel = 1;
				LastSwiftUpdateCheck = 1610;
				LastUpgradeCheck = 1610;
				TargetAttributes = {
					75A249112CEE28AB000371A0 = {
						CreatedOnToolsVersion = 16.1;
					};
					75A2492A2CEE28B3000371A0 = {
						CreatedOnToolsVersion = 16.1;
						TestTargetID = 75A249112CEE28AB000371A0;
					};
					75A249342CEE28B3000371A0 = {
						CreatedOnToolsVersion = 16.1;
						TestTargetID = 75A249112CEE28AB000371A0;
					};
				};
			};
			buildConfigurationList = 75A2490D2CEE28AB000371A0 /* Build configuration list for PBXProject "FindItGame" */;
			developmentRegion = en;
			hasScannedForEncodings = 0;
			knownRegions = (
				en,
				Base,
			);
			mainGroup = 75A249092CEE28AB000371A0;
			minimizedProjectReferenceProxies = 1;
			preferredProjectObjectVersion = 77;
			productRefGroup = 75A249132CEE28AB000371A0 /* Products */;
			projectDirPath = "";
			projectRoot = "";
			targets = (
				75A249112CEE28AB000371A0 /* FindItGame */,
				75A2492A2CEE28B3000371A0 /* FindItGameTests */,
				75A249342CEE28B3000371A0 /* FindItGameUITests */,
			);
		};
/* End PBXProject section */

/* Begin PBXResourcesBuildPhase section */
		75A249102CEE28AB000371A0 /* Resources */ = {
			isa = PBXResourcesBuildPhase;
			buildActionMask = 2147483647;
			files = (
			);
			runOnlyForDeploymentPostprocessing = 0;
		};
		75A249292CEE28B3000371A0 /* Resources */ = {
			isa = PBXResourcesBuildPhase;
			buildActionMask = 2147483647;
			files = (
			);
			runOnlyForDeploymentPostprocessing = 0;
		};
		75A249332CEE28B3000371A0 /* Resources */ = {
			isa = PBXResourcesBuildPhase;
			buildActionMask = 2147483647;
			files = (
			);
			runOnlyForDeploymentPostprocessing = 0;
		};
/* End PBXResourcesBuildPhase section */

/* Begin PBXSourcesBuildPhase section */
		75A2490E2CEE28AB000371A0 /* Sources */ = {
			isa = PBXSourcesBuildPhase;
			buildActionMask = 2147483647;
			files = (
			);
			runOnlyForDeploymentPostprocessing = 0;
		};
		75A249272CEE28B3000371A0 /* Sources */ = {
			isa = PBXSourcesBuildPhase;
			buildActionMask = 2147483647;
			files = (
			);
			runOnlyForDeploymentPostprocessing = 0;
		};
		75A249312CEE28B3000371A0 /* Sources */ = {
			isa = PBXSourcesBuildPhase;
			buildActionMask = 2147483647;
			files = (
			);
			runOnlyForDeploymentPostprocessing = 0;
		};
/* End PBXSourcesBuildPhase section */

/* Begin PBXTargetDependency section */
		75A2492D2CEE28B3000371A0 /* PBXTargetDependency */ = {
			isa = PBXTargetDependency;
			target = 75A249112CEE28AB000371A0 /* FindItGame */;
			targetProxy = 75A2492C2CEE28B3000371A0 /* PBXContainerItemProxy */;
		};
		75A249372CEE28B3000371A0 /* PBXTargetDependency */ = {
			isa = PBXTargetDependency;
			target = 75A249112CEE28AB000371A0 /* FindItGame */;
			targetProxy = 75A249362CEE28B3000371A0 /* PBXContainerItemProxy */;
		};
/* End PBXTargetDependency section */

/* Begin XCBuildConfiguration section */
		75A2493F2CEE28B3000371A0 /* Debug */ = {
			isa = XCBuildConfiguration;
			buildSettings = {
				ASSETCATALOG_COMPILER_APPICON_NAME = AppIcon;
				ASSETCATALOG_COMPILER_GLOBAL_ACCENT_COLOR_NAME = AccentColor;
				CODE_SIGN_STYLE = Automatic;
				CURRENT_PROJECT_VERSION = 1;
				DEVELOPMENT_TEAM = 38J4G53A4S;
				GENERATE_INFOPLIST_FILE = YES;
				INFOPLIST_FILE = FindItGame/Info.plist;
				INFOPLIST_KEY_UIApplicationSupportsIndirectInputEvents = YES;
				INFOPLIST_KEY_UILaunchStoryboardName = LaunchScreen;
				INFOPLIST_KEY_UIMainStoryboardFile = Main;
				INFOPLIST_KEY_UISupportedInterfaceOrientations_iPad = "UIInterfaceOrientationPortrait UIInterfaceOrientationPortraitUpsideDown UIInterfaceOrientationLandscapeLeft UIInterfaceOrientationLandscapeRight";
				INFOPLIST_KEY_UISupportedInterfaceOrientations_iPhone = "UIInterfaceOrientationPortrait UIInterfaceOrientationLandscapeLeft UIInterfaceOrientationLandscapeRight";
				LD_RUNPATH_SEARCH_PATHS = (
					"$(inherited)",
					"@executable_path/Frameworks",
				);
				MARKETING_VERSION = 1.0;
				PRODUCT_BUNDLE_IDENTIFIER = com.ridvanKarsli.FindItGame;
				PRODUCT_NAME = "$(TARGET_NAME)";
				SWIFT_EMIT_LOC_STRINGS = YES;
				SWIFT_VERSION = 5.0;
				TARGETED_DEVICE_FAMILY = "1,2";
			};
			name = Debug;
		};
		75A249402CEE28B3000371A0 /* Release */ = {
			isa = XCBuildConfiguration;
			buildSettings = {
				ASSETCATALOG_COMPILER_APPICON_NAME = AppIcon;
				ASSETCATALOG_COMPILER_GLOBAL_ACCENT_COLOR_NAME = AccentColor;
				CODE_SIGN_STYLE = Automatic;
				CURRENT_PROJECT_VERSION = 1;
				DEVELOPMENT_TEAM = 38J4G53A4S;
				GENERATE_INFOPLIST_FILE = YES;
				INFOPLIST_FILE = FindItGame/Info.plist;
				INFOPLIST_KEY_UIApplicationSupportsIndirectInputEvents = YES;
				INFOPLIST_KEY_UILaunchStoryboardName = LaunchScreen;
				INFOPLIST_KEY_UIMainStoryboardFile = Main;
				INFOPLIST_KEY_UISupportedInterfaceOrientations_iPad = "UIInterfaceOrientationPortrait UIInterfaceOrientationPortraitUpsideDown UIInterfaceOrientationLandscapeLeft UIInterfaceOrientationLandscapeRight";
				INFOPLIST_KEY_UISupportedInterfaceOrientations_iPhone = "UIInterfaceOrientationPortrait UIInterfaceOrientationLandscapeLeft UIInterfaceOrientationLandscapeRight";
				LD_RUNPATH_SEARCH_PATHS = (
					"$(inherited)",
					"@executable_path/Frameworks",
				);
				MARKETING_VERSION = 1.0;
				PRODUCT_BUNDLE_IDENTIFIER = com.ridvanKarsli.FindItGame;
				PRODUCT_NAME = "$(TARGET_NAME)";
				SWIFT_EMIT_LOC_STRINGS = YES;
				SWIFT_VERSION = 5.0;
				TARGETED_DEVICE_FAMILY = "1,2";
			};
			name = Release;
		};
		75A249412CEE28B3000371A0 /* Debug */ = {
			isa = XCBuildConfiguration;
			buildSettings = {
				ALWAYS_SEARCH_USER_PATHS = NO;
				ASSETCATALOG_COMPILER_GENERATE_SWIFT_ASSET_SYMBOL_EXTENSIONS = YES;
				CLANG_ANALYZER_NONNULL = YES;
				CLANG_ANALYZER_NUMBER_OBJECT_CONVERSION = YES_AGGRESSIVE;
				CLANG_CXX_LANGUAGE_STANDARD = "gnu++20";
				CLANG_ENABLE_MODULES = YES;
				CLANG_ENABLE_OBJC_ARC = YES;
				CLANG_ENABLE_OBJC_WEAK = YES;
				CLANG_WARN_BLOCK_CAPTURE_AUTORELEASING = YES;
				CLANG_WARN_BOOL_CONVERSION = YES;
				CLANG_WARN_COMMA = YES;
				CLANG_WARN_CONSTANT_CONVERSION = YES;
				CLANG_WARN_DEPRECATED_OBJC_IMPLEMENTATIONS = YES;
				CLANG_WARN_DIRECT_OBJC_ISA_USAGE = YES_ERROR;
				CLANG_WARN_DOCUMENTATION_COMMENTS = YES;
				CLANG_WARN_EMPTY_BODY = YES;
				CLANG_WARN_ENUM_CONVERSION = YES;
				CLANG_WARN_INFINITE_RECURSION = YES;
				CLANG_WARN_INT_CONVERSION = YES;
				CLANG_WARN_NON_LITERAL_NULL_CONVERSION = YES;
				CLANG_WARN_OBJC_IMPLICIT_RETAIN_SELF = YES;
				CLANG_WARN_OBJC_LITERAL_CONVERSION = YES;
				CLANG_WARN_OBJC_ROOT_CLASS = YES_ERROR;
				CLANG_WARN_QUOTED_INCLUDE_IN_FRAMEWORK_HEADER = YES;
				CLANG_WARN_RANGE_LOOP_ANALYSIS = YES;
				CLANG_WARN_STRICT_PROTOTYPES = YES;
				CLANG_WARN_SUSPICIOUS_MOVE = YES;
				CLANG_WARN_UNGUARDED_AVAILABILITY = YES_AGGRESSIVE;
				CLANG_WARN_UNREACHABLE_CODE = YES;
				CLANG_WARN__DUPLICATE_METHOD_MATCH = YES;
				COPY_PHASE_STRIP = NO;
				DEBUG_INFORMATION_FORMAT = dwarf;
				ENABLE_STRICT_OBJC_MSGSEND = YES;
				ENABLE_TESTABILITY = YES;
				ENABLE_USER_SCRIPT_SANDBOXING = YES;
				GCC_C_LANGUAGE_STANDARD = gnu17;
				GCC_DYNAMIC_NO_PIC = NO;
				GCC_NO_COMMON_BLOCKS = YES;
				GCC_OPTIMIZATION_LEVEL = 0;
				GCC_PREPROCESSOR_DEFINITIONS = (
					"DEBUG=1",
					"$(inherited)",
				);
				GCC_WARN_64_TO_32_BIT_CONVERSION = YES;
				GCC_WARN_ABOUT_RETURN_TYPE = YES_ERROR;
				GCC_WARN_UNDECLARED_SELECTOR = YES;
				GCC_WARN_UNINITIALIZED_AUTOS = YES_AGGRESSIVE;
				GCC_WARN_UNUSED_FUNCTION = YES;
				GCC_WARN_UNUSED_VARIABLE = YES;
				IPHONEOS_DEPLOYMENT_TARGET = 18.1;
				LOCALIZATION_PREFERS_STRING_CATALOGS = YES;
				MTL_ENABLE_DEBUG_INFO = INCLUDE_SOURCE;
				MTL_FAST_MATH = YES;
				ONLY_ACTIVE_ARCH = YES;
				SDKROOT = iphoneos;
				SWIFT_ACTIVE_COMPILATION_CONDITIONS = "DEBUG $(inherited)";
				SWIFT_OPTIMIZATION_LEVEL = "-Onone";
			};
			name = Debug;
		};
		75A249422CEE28B3000371A0 /* Release */ = {
			isa = XCBuildConfiguration;
			buildSettings = {
				ALWAYS_SEARCH_USER_PATHS = NO;
				ASSETCATALOG_COMPILER_GENERATE_SWIFT_ASSET_SYMBOL_EXTENSIONS = YES;
				CLANG_ANALYZER_NONNULL = YES;
				CLANG_ANALYZER_NUMBER_OBJECT_CONVERSION = YES_AGGRESSIVE;
				CLANG_CXX_LANGUAGE_STANDARD = "gnu++20";
				CLANG_ENABLE_MODULES = YES;
				CLANG_ENABLE_OBJC_ARC = YES;
				CLANG_ENABLE_OBJC_WEAK = YES;
				CLANG_WARN_BLOCK_CAPTURE_AUTORELEASING = YES;
				CLANG_WARN_BOOL_CONVERSION = YES;
				CLANG_WARN_COMMA = YES;
				CLANG_WARN_CONSTANT_CONVERSION = YES;
				CLANG_WARN_DEPRECATED_OBJC_IMPLEMENTATIONS = YES;
				CLANG_WARN_DIRECT_OBJC_ISA_USAGE = YES_ERROR;
				CLANG_WARN_DOCUMENTATION_COMMENTS = YES;
				CLANG_WARN_EMPTY_BODY = YES;
				CLANG_WARN_ENUM_CONVERSION = YES;
				CLANG_WARN_INFINITE_RECURSION = YES;
				CLANG_WARN_INT_CONVERSION = YES;
				CLANG_WARN_NON_LITERAL_NULL_CONVERSION = YES;
				CLANG_WARN_OBJC_IMPLICIT_RETAIN_SELF = YES;
				CLANG_WARN_OBJC_LITERAL_CONVERSION = YES;
				CLANG_WARN_OBJC_ROOT_CLASS = YES_ERROR;
				CLANG_WARN_QUOTED_INCLUDE_IN_FRAMEWORK_HEADER = YES;
				CLANG_WARN_RANGE_LOOP_ANALYSIS = YES;
				CLANG_WARN_STRICT_PROTOTYPES = YES;
				CLANG_WARN_SUSPICIOUS_MOVE = YES;
				CLANG_WARN_UNGUARDED_AVAILABILITY = YES_AGGRESSIVE;
				CLANG_WARN_UNREACHABLE_CODE = YES;
				CLANG_WARN__DUPLICATE_METHOD_MATCH = YES;
				COPY_PHASE_STRIP = NO;
				DEBUG_INFORMATION_FORMAT = "dwarf-with-dsym";
				ENABLE_NS_ASSERTIONS = NO;
				ENABLE_STRICT_OBJC_MSGSEND = YES;
				ENABLE_USER_SCRIPT_SANDBOXING = YES;
				GCC_C_LANGUAGE_STANDARD = gnu17;
				GCC_NO_COMMON_BLOCKS = YES;
				GCC_WARN_64_TO_32_BIT_CONVERSION = YES;
				GCC_WARN_ABOUT_RETURN_TYPE = YES_ERROR;
				GCC_WARN_UNDECLARED_SELECTOR = YES;
				GCC_WARN_UNINITIALIZED_AUTOS = YES_AGGRESSIVE;
				GCC_WARN_UNUSED_FUNCTION = YES;
				GCC_WARN_UNUSED_VARIABLE = YES;
				IPHONEOS_DEPLOYMENT_TARGET = 18.1;
				LOCALIZATION_PREFERS_STRING_CATALOGS = YES;
				MTL_ENABLE_DEBUG_INFO = NO;
				MTL_FAST_MATH = YES;
				SDKROOT = iphoneos;
				SWIFT_COMPILATION_MODE = wholemodule;
				VALIDATE_PRODUCT = YES;
			};
			name = Release;
		};
		75A249442CEE28B3000371A0 /* Debug */ = {
			isa = XCBuildConfiguration;
			buildSettings = {
				BUNDLE_LOADER = "$(TEST_HOST)";
				CODE_SIGN_STYLE = Automatic;
				CURRENT_PROJECT_VERSION = 1;
				DEVELOPMENT_TEAM = 38J4G53A4S;
				GENERATE_INFOPLIST_FILE = YES;
				IPHONEOS_DEPLOYMENT_TARGET = 18.1;
				MARKETING_VERSION = 1.0;
				PRODUCT_BUNDLE_IDENTIFIER = com.ridvanKarsli.FindItGameTests;
				PRODUCT_NAME = "$(TARGET_NAME)";
				SWIFT_EMIT_LOC_STRINGS = NO;
				SWIFT_VERSION = 5.0;
				TARGETED_DEVICE_FAMILY = "1,2";
				TEST_HOST = "$(BUILT_PRODUCTS_DIR)/FindItGame.app/$(BUNDLE_EXECUTABLE_FOLDER_PATH)/FindItGame";
			};
			name = Debug;
		};
		75A249452CEE28B3000371A0 /* Release */ = {
			isa = XCBuildConfiguration;
			buildSettings = {
				BUNDLE_LOADER = "$(TEST_HOST)";
				CODE_SIGN_STYLE = Automatic;
				CURRENT_PROJECT_VERSION = 1;
				DEVELOPMENT_TEAM = 38J4G53A4S;
				GENERATE_INFOPLIST_FILE = YES;
				IPHONEOS_DEPLOYMENT_TARGET = 18.1;
				MARKETING_VERSION = 1.0;
				PRODUCT_BUNDLE_IDENTIFIER = com.ridvanKarsli.FindItGameTests;
				PRODUCT_NAME = "$(TARGET_NAME)";
				SWIFT_EMIT_LOC_STRINGS = NO;
				SWIFT_VERSION = 5.0;
				TARGETED_DEVICE_FAMILY = "1,2";
				TEST_HOST = "$(BUILT_PRODUCTS_DIR)/FindItGame.app/$(BUNDLE_EXECUTABLE_FOLDER_PATH)/FindItGame";
			};
			name = Release;
		};
		75A249472CEE28B3000371A0 /* Debug */ = {
			isa = XCBuildConfiguration;
			buildSettings = {
				CODE_SIGN_STYLE = Automatic;
				CURRENT_PROJECT_VERSION = 1;
				DEVELOPMENT_TEAM = 38J4G53A4S;
				GENERATE_INFOPLIST_FILE = YES;
				MARKETING_VERSION = 1.0;
				PRODUCT_BUNDLE_IDENTIFIER = com.ridvanKarsli.FindItGameUITests;
				PRODUCT_NAME = "$(TARGET_NAME)";
				SWIFT_EMIT_LOC_STRINGS = NO;
				SWIFT_VERSION = 5.0;
				TARGETED_DEVICE_FAMILY = "1,2";
				TEST_TARGET_NAME = FindItGame;
			};
			name = Debug;
		};
		75A249482CEE28B3000371A0 /* Release */ = {
			isa = XCBuildConfiguration;
			buildSettings = {
				CODE_SIGN_STYLE = Automatic;
				CURRENT_PROJECT_VERSION = 1;
				DEVELOPMENT_TEAM = 38J4G53A4S;
				GENERATE_INFOPLIST_FILE = YES;
				MARKETING_VERSION = 1.0;
				PRODUCT_BUNDLE_IDENTIFIER = com.ridvanKarsli.FindItGameUITests;
				PRODUCT_NAME = "$(TARGET_NAME)";
				SWIFT_EMIT_LOC_STRINGS = NO;
				SWIFT_VERSION = 5.0;
				TARGETED_DEVICE_FAMILY = "1,2";
				TEST_TARGET_NAME = FindItGame;
			};
			name = Release;
		};
/* End XCBuildConfiguration section */

/* Begin XCConfigurationList section */
		75A2490D2CEE28AB000371A0 /* Build configuration list for PBXProject "FindItGame" */ = {
			isa = XCConfigurationList;
			buildConfigurations = (
				75A249412CEE28B3000371A0 /* Debug */,
				75A249422CEE28B3000371A0 /* Release */,
			);
			defaultConfigurationIsVisible = 0;
			defaultConfigurationName = Release;
		};
		75A2493E2CEE28B3000371A0 /* Build configuration list for PBXNativeTarget "FindItGame" */ = {
			isa = XCConfigurationList;
			buildConfigurations = (
				75A2493F2CEE28B3000371A0 /* Debug */,
				75A249402CEE28B3000371A0 /* Release */,
			);
			defaultConfigurationIsVisible = 0;
			defaultConfigurationName = Release;
		};
		75A249432CEE28B3000371A0 /* Build configuration list for PBXNativeTarget "FindItGameTests" */ = {
			isa = XCConfigurationList;
			buildConfigurations = (
				75A249442CEE28B3000371A0 /* Debug */,
				75A249452CEE28B3000371A0 /* Release */,
			);
			defaultConfigurationIsVisible = 0;
			defaultConfigurationName = Release;
		};
		75A249462CEE28B3000371A0 /* Build configuration list for PBXNativeTarget "FindItGameUITests" */ = {
			isa = XCConfigurationList;
			buildConfigurations = (
				75A249472CEE28B3000371A0 /* Debug */,
				75A249482CEE28B3000371A0 /* Release */,
			);
			defaultConfigurationIsVisible = 0;
			defaultConfigurationName = Release;
		};
/* End XCConfigurationList section */
	};
	rootObject = 75A2490A2CEE28AB000371A0 /* Project object */;
}
